
Microsoft Visual Studio Solution File, Format Version 12.00
# Visual Studio 2013
VisualStudioVersion = 12.0.40629.0
MinimumVisualStudioVersion = 10.0.40219.1
Project("{FAE04EC0-301F-11D3-BF4B-00C04F79EFBC}") = "WSAClient", "WSAClient.csproj", "{CE6C918B-95F3-451E-9DB8-A6308B4E3C4D}"
EndProject
Global
	GlobalSection(SolutionConfigurationPlatforms) = preSolution
		Debug|Any CPU = Debug|Any CPU
		Release|Any CPU = Release|Any CPU
	EndGlobalSection
	GlobalSection(ProjectConfigurationPlatforms) = postSolution
		{CE6C918B-95F3-451E-9DB8-A6308B4E3C4D}.Debug|Any CPU.ActiveCfg = Debug|Any CPU
		{CE6C918B-95F3-451E-9DB8-A6308B4E3C4D}.Debug|Any CPU.Build.0 = Debug|Any CPU
		{CE6C918B-95F3-451E-9DB8-A6308B4E3C4D}.Release|Any CPU.ActiveCfg = Release|Any CPU
		{CE6C918B-95F3-451E-9DB8-A6308B4E3C4D}.Release|Any CPU.Build.0 = Release|Any CPU
	EndGlobalSection
	GlobalSection(SolutionProperties) = preSolution
		HideSolutionNode = FALSE
	EndGlobalSection
EndGlobal
